
Microsoft Visual Studio Solution File, Format Version 12.00
# Visual Studio Version 17
VisualStudioVersion = 17.5.33516.290
MinimumVisualStudioVersion = 10.0.40219.1
Project("{9A19103F-16F7-4668-BE54-9A1E7A4F7556}") = "Example", "Example\Example.csproj", "{916F9209-38CE-46E4-85D9-B4F118E08F34}"
EndProject
Project("{9A19103F-16F7-4668-BE54-9A1E7A4F7556}") = "Oxidized.Result", "OxidizedResult\Oxidized.Result.csproj", "{8CF49BCC-716A-4020-977E-7F63FF51A32A}"
EndProject
Global
	GlobalSection(SolutionConfigurationPlatforms) = preSolution
		Debug|Any CPU = Debug|Any CPU
		Release|Any CPU = Release|Any CPU
	EndGlobalSection
	GlobalSection(ProjectConfigurationPlatforms) = postSolution
		{916F9209-38CE-46E4-85D9-B4F118E08F34}.Debug|Any CPU.ActiveCfg = Debug|Any CPU
		{916F9209-38CE-46E4-85D9-B4F118E08F34}.Debug|Any CPU.Build.0 = Debug|Any CPU
		{916F9209-38CE-46E4-85D9-B4F118E08F34}.Release|Any CPU.ActiveCfg = Release|Any CPU
		{916F9209-38CE-46E4-85D9-B4F118E08F34}.Release|Any CPU.Build.0 = Release|Any CPU
		{8CF49BCC-716A-4020-977E-7F63FF51A32A}.Debug|Any CPU.ActiveCfg = Debug|Any CPU
		{8CF49BCC-716A-4020-977E-7F63FF51A32A}.Debug|Any CPU.Build.0 = Debug|Any CPU
		{8CF49BCC-716A-4020-977E-7F63FF51A32A}.Release|Any CPU.ActiveCfg = Release|Any CPU
		{8CF49BCC-716A-4020-977E-7F63FF51A32A}.Release|Any CPU.Build.0 = Release|Any CPU
	EndGlobalSection
	GlobalSection(SolutionProperties) = preSolution
		HideSolutionNode = FALSE
	EndGlobalSection
	GlobalSection(ExtensibilityGlobals) = postSolution
		SolutionGuid = {C6554CFF-3EDA-45D5-B88F-C1F234B48BBD}
	EndGlobalSection
EndGlobal
